
Microsoft Visual Studio Solution File, Format Version 12.00
# Visual Studio 2012
Project("{FAE04EC0-301F-11D3-BF4B-00C04F79EFBC}") = "KundeComp", "Kunde\KundeComp.csproj", "{D308A9B1-AFC1-444D-9A47-66CBBD474E4B}"
EndProject
Project("{FAE04EC0-301F-11D3-BF4B-00C04F79EFBC}") = "HESCore", "HESCore\HESCore.csproj", "{442F74BC-A156-4120-A9BB-2D9CB26BA44C}"
EndProject
Project("{FAE04EC0-301F-11D3-BF4B-00C04F79EFBC}") = "TransportComp", "TransportComp\TransportComp.csproj", "{C857F12C-A57F-4AAA-9739-04C62544F635}"
EndProject
Project("{FAE04EC0-301F-11D3-BF4B-00C04F79EFBC}") = "AuftragserfassungComp", "AuftragserfassungComp\AuftragserfassungComp.csproj", "{FD178803-D4DC-4400-962F-B140F5E796C7}"
EndProject
Project("{FAE04EC0-301F-11D3-BF4B-00C04F79EFBC}") = "LagerComp", "LagerComp\LagerComp.csproj", "{7B019172-DDF9-45E6-9A72-1181772DA7EF}"
EndProject
Project("{FAE04EC0-301F-11D3-BF4B-00C04F79EFBC}") = "EinkaufComp", "EinkaufComp\EinkaufComp.csproj", "{48CD264D-79FB-48E1-9F39-554177E811CE}"
EndProject
Project("{FAE04EC0-301F-11D3-BF4B-00C04F79EFBC}") = "RechnungComp", "RechnungComp\RechnungComp.csproj", "{69390045-DDE8-49D8-AAEA-C06243D5EEC0}"
EndProject
Project("{FAE04EC0-301F-11D3-BF4B-00C04F79EFBC}") = "HESClient", "HESClient\HESClient.csproj", "{C25AE170-E8F6-4FDF-A011-1242999C89B1}"
EndProject
Project("{FAE04EC0-301F-11D3-BF4B-00C04F79EFBC}") = "HESLib", "HESLib\HESLib.csproj", "{0F0C51EC-8471-450F-BFA6-13E723CB559F}"
EndProject
Project("{FAE04EC0-301F-11D3-BF4B-00C04F79EFBC}") = "Proxy", "Proxy\Proxy.csproj", "{98F9CAA8-3CA6-446F-8B20-E7084CF8867C}"
EndProject
Project("{FAE04EC0-301F-11D3-BF4B-00C04F79EFBC}") = "ProxyLib", "ProxyLib\ProxyLib.csproj", "{94E27E0F-874E-4E26-833F-0115BDBC3D09}"
EndProject
Project("{FAE04EC0-301F-11D3-BF4B-00C04F79EFBC}") = "HESCommunicationLib", "HESCommunicationLib\HESCommunicationLib.csproj", "{F016CA3A-6A73-4502-894E-A0E35D4402B3}"
EndProject
Project("{FAE04EC0-301F-11D3-BF4B-00C04F79EFBC}") = "TDL-Mock", "TDL-Mock\TDL-Mock.csproj", "{AAE4A59C-20F5-4768-A5B7-61C58CF0D701}"
EndProject
Project("{FAE04EC0-301F-11D3-BF4B-00C04F79EFBC}") = "HAPSARPayment", "HAPSARPayment\HAPSARPayment.csproj", "{433FD172-B549-4F47-B703-05373429C568}"
EndProject
Global
	GlobalSection(SolutionConfigurationPlatforms) = preSolution
		Debug|Any CPU = Debug|Any CPU
		Release|Any CPU = Release|Any CPU
	EndGlobalSection
	GlobalSection(ProjectConfigurationPlatforms) = postSolution
		{D308A9B1-AFC1-444D-9A47-66CBBD474E4B}.Debug|Any CPU.ActiveCfg = Debug|Any CPU
		{D308A9B1-AFC1-444D-9A47-66CBBD474E4B}.Debug|Any CPU.Build.0 = Debug|Any CPU
		{D308A9B1-AFC1-444D-9A47-66CBBD474E4B}.Release|Any CPU.ActiveCfg = Release|Any CPU
		{D308A9B1-AFC1-444D-9A47-66CBBD474E4B}.Release|Any CPU.Build.0 = Release|Any CPU
		{442F74BC-A156-4120-A9BB-2D9CB26BA44C}.Debug|Any CPU.ActiveCfg = Debug|Any CPU
		{442F74BC-A156-4120-A9BB-2D9CB26BA44C}.Debug|Any CPU.Build.0 = Debug|Any CPU
		{442F74BC-A156-4120-A9BB-2D9CB26BA44C}.Release|Any CPU.ActiveCfg = Release|Any CPU
		{442F74BC-A156-4120-A9BB-2D9CB26BA44C}.Release|Any CPU.Build.0 = Release|Any CPU
		{C857F12C-A57F-4AAA-9739-04C62544F635}.Debug|Any CPU.ActiveCfg = Debug|Any CPU
		{C857F12C-A57F-4AAA-9739-04C62544F635}.Debug|Any CPU.Build.0 = Debug|Any CPU
		{C857F12C-A57F-4AAA-9739-04C62544F635}.Release|Any CPU.ActiveCfg = Release|Any CPU
		{C857F12C-A57F-4AAA-9739-04C62544F635}.Release|Any CPU.Build.0 = Release|Any CPU
		{FD178803-D4DC-4400-962F-B140F5E796C7}.Debug|Any CPU.ActiveCfg = Debug|Any CPU
		{FD178803-D4DC-4400-962F-B140F5E796C7}.Debug|Any CPU.Build.0 = Debug|Any CPU
		{FD178803-D4DC-4400-962F-B140F5E796C7}.Release|Any CPU.ActiveCfg = Release|Any CPU
		{FD178803-D4DC-4400-962F-B140F5E796C7}.Release|Any CPU.Build.0 = Release|Any CPU
		{7B019172-DDF9-45E6-9A72-1181772DA7EF}.Debug|Any CPU.ActiveCfg = Debug|Any CPU
		{7B019172-DDF9-45E6-9A72-1181772DA7EF}.Debug|Any CPU.Build.0 = Debug|Any CPU
		{7B019172-DDF9-45E6-9A72-1181772DA7EF}.Release|Any CPU.ActiveCfg = Release|Any CPU
		{7B019172-DDF9-45E6-9A72-1181772DA7EF}.Release|Any CPU.Build.0 = Release|Any CPU
		{48CD264D-79FB-48E1-9F39-554177E811CE}.Debug|Any CPU.ActiveCfg = Debug|Any CPU
		{48CD264D-79FB-48E1-9F39-554177E811CE}.Debug|Any CPU.Build.0 = Debug|Any CPU
		{48CD264D-79FB-48E1-9F39-554177E811CE}.Release|Any CPU.ActiveCfg = Release|Any CPU
		{48CD264D-79FB-48E1-9F39-554177E811CE}.Release|Any CPU.Build.0 = Release|Any CPU
		{69390045-DDE8-49D8-AAEA-C06243D5EEC0}.Debug|Any CPU.ActiveCfg = Debug|Any CPU
		{69390045-DDE8-49D8-AAEA-C06243D5EEC0}.Debug|Any CPU.Build.0 = Debug|Any CPU
		{69390045-DDE8-49D8-AAEA-C06243D5EEC0}.Release|Any CPU.ActiveCfg = Release|Any CPU
		{69390045-DDE8-49D8-AAEA-C06243D5EEC0}.Release|Any CPU.Build.0 = Release|Any CPU
		{C25AE170-E8F6-4FDF-A011-1242999C89B1}.Debug|Any CPU.ActiveCfg = Debug|Any CPU
		{C25AE170-E8F6-4FDF-A011-1242999C89B1}.Debug|Any CPU.Build.0 = Debug|Any CPU
		{C25AE170-E8F6-4FDF-A011-1242999C89B1}.Release|Any CPU.ActiveCfg = Release|Any CPU
		{C25AE170-E8F6-4FDF-A011-1242999C89B1}.Release|Any CPU.Build.0 = Release|Any CPU
		{0F0C51EC-8471-450F-BFA6-13E723CB559F}.Debug|Any CPU.ActiveCfg = Debug|Any CPU
		{0F0C51EC-8471-450F-BFA6-13E723CB559F}.Debug|Any CPU.Build.0 = Debug|Any CPU
		{0F0C51EC-8471-450F-BFA6-13E723CB559F}.Release|Any CPU.ActiveCfg = Release|Any CPU
		{0F0C51EC-8471-450F-BFA6-13E723CB559F}.Release|Any CPU.Build.0 = Release|Any CPU
		{98F9CAA8-3CA6-446F-8B20-E7084CF8867C}.Debug|Any CPU.ActiveCfg = Debug|Any CPU
		{98F9CAA8-3CA6-446F-8B20-E7084CF8867C}.Debug|Any CPU.Build.0 = Debug|Any CPU
		{98F9CAA8-3CA6-446F-8B20-E7084CF8867C}.Release|Any CPU.ActiveCfg = Release|Any CPU
		{98F9CAA8-3CA6-446F-8B20-E7084CF8867C}.Release|Any CPU.Build.0 = Release|Any CPU
		{94E27E0F-874E-4E26-833F-0115BDBC3D09}.Debug|Any CPU.ActiveCfg = Debug|Any CPU
		{94E27E0F-874E-4E26-833F-0115BDBC3D09}.Debug|Any CPU.Build.0 = Debug|Any CPU
		{94E27E0F-874E-4E26-833F-0115BDBC3D09}.Release|Any CPU.ActiveCfg = Release|Any CPU
		{94E27E0F-874E-4E26-833F-0115BDBC3D09}.Release|Any CPU.Build.0 = Release|Any CPU
		{F016CA3A-6A73-4502-894E-A0E35D4402B3}.Debug|Any CPU.ActiveCfg = Debug|Any CPU
		{F016CA3A-6A73-4502-894E-A0E35D4402B3}.Debug|Any CPU.Build.0 = Debug|Any CPU
		{F016CA3A-6A73-4502-894E-A0E35D4402B3}.Release|Any CPU.ActiveCfg = Release|Any CPU
		{F016CA3A-6A73-4502-894E-A0E35D4402B3}.Release|Any CPU.Build.0 = Release|Any CPU
		{AAE4A59C-20F5-4768-A5B7-61C58CF0D701}.Debug|Any CPU.ActiveCfg = Debug|Any CPU
		{AAE4A59C-20F5-4768-A5B7-61C58CF0D701}.Debug|Any CPU.Build.0 = Debug|Any CPU
		{AAE4A59C-20F5-4768-A5B7-61C58CF0D701}.Release|Any CPU.ActiveCfg = Release|Any CPU
		{AAE4A59C-20F5-4768-A5B7-61C58CF0D701}.Release|Any CPU.Build.0 = Release|Any CPU
		{433FD172-B549-4F47-B703-05373429C568}.Debug|Any CPU.ActiveCfg = Debug|Any CPU
		{433FD172-B549-4F47-B703-05373429C568}.Debug|Any CPU.Build.0 = Debug|Any CPU
		{433FD172-B549-4F47-B703-05373429C568}.Release|Any CPU.ActiveCfg = Release|Any CPU
		{433FD172-B549-4F47-B703-05373429C568}.Release|Any CPU.Build.0 = Release|Any CPU
	EndGlobalSection
	GlobalSection(SolutionProperties) = preSolution
		HideSolutionNode = FALSE
	EndGlobalSection
EndGlobal
